// !$*UTF8*$!
{
	archiveVersion = 1;
	classes = {
	};
	objectVersion = 50;
	objects = {

/* Begin PBXBuildFile section */
		299C0C6E271EC37500DE927D /* Settings.swift in Sources */ = {isa = PBXBuildFile; fileRef = 299C0C6D271EC37500DE927D /* Settings.swift */; };
		299C0C72271EC4B300DE927D /* DataModel.swift in Sources */ = {isa = PBXBuildFile; fileRef = 299C0C71271EC4B300DE927D /* DataModel.swift */; };
		299C0C75271EC54C00DE927D /* Backlog.swift in Sources */ = {isa = PBXBuildFile; fileRef = 299C0C74271EC54C00DE927D /* Backlog.swift */; };
		299C0C78271ED1CA00DE927D /* print.swift in Sources */ = {isa = PBXBuildFile; fileRef = 299C0C77271ED1CA00DE927D /* print.swift */; };
		299C0C7C271ED61F00DE927D /* dates.swift in Sources */ = {isa = PBXBuildFile; fileRef = 299C0C7B271ED61F00DE927D /* dates.swift */; };
		299C0C86271EE5A100DE927D /* PlanningTest.swift in Sources */ = {isa = PBXBuildFile; fileRef = 299C0C85271EE5A100DE927D /* PlanningTest.swift */; };
		29B3D3C9271EB7FD00F0CB0E /* main.swift in Sources */ = {isa = PBXBuildFile; fileRef = 29B3D3C8271EB7FD00F0CB0E /* main.swift */; };
		29B3D3D2271EB86400F0CB0E /* Task.swift in Sources */ = {isa = PBXBuildFile; fileRef = 29B3D3D1271EB86400F0CB0E /* Task.swift */; };
		29B3D3D6271EB8B400F0CB0E /* PlanningEntry.swift in Sources */ = {isa = PBXBuildFile; fileRef = 29B3D3D5271EB8B400F0CB0E /* PlanningEntry.swift */; };
		29B3D3D9271EB92E00F0CB0E /* Planning.swift in Sources */ = {isa = PBXBuildFile; fileRef = 29B3D3D8271EB92E00F0CB0E /* Planning.swift */; };
		29B3D3DD271EB9AB00F0CB0E /* utils.swift in Sources */ = {isa = PBXBuildFile; fileRef = 29B3D3DC271EB9AB00F0CB0E /* utils.swift */; };
		29B6BB80271F1146005F52C8 /* TimeSlot.swift in Sources */ = {isa = PBXBuildFile; fileRef = 29B6BB7F271F1146005F52C8 /* TimeSlot.swift */; };
		29B6BB83271F11E7005F52C8 /* TimeSlot.swift in Sources */ = {isa = PBXBuildFile; fileRef = 29B6BB7F271F1146005F52C8 /* TimeSlot.swift */; };
		29B6BB87271F16C7005F52C8 /* DataModelTest.swift in Sources */ = {isa = PBXBuildFile; fileRef = 29B6BB86271F16C7005F52C8 /* DataModelTest.swift */; };
		29B6BB8B271F19C8005F52C8 /* PlanningEntryFeedback.swift in Sources */ = {isa = PBXBuildFile; fileRef = 29B6BB8A271F19C8005F52C8 /* PlanningEntryFeedback.swift */; };
		29B6BB8E271F2046005F52C8 /* PlanningEntryFeedback.swift in Sources */ = {isa = PBXBuildFile; fileRef = 29B6BB8A271F19C8005F52C8 /* PlanningEntryFeedback.swift */; };
		29B6BB92271F22D3005F52C8 /* PlanningEntryTest.swift in Sources */ = {isa = PBXBuildFile; fileRef = 29B6BB91271F22D3005F52C8 /* PlanningEntryTest.swift */; };
		29B6BB96271F2858005F52C8 /* TimeSlotTest.swift in Sources */ = {isa = PBXBuildFile; fileRef = 29B6BB95271F2858005F52C8 /* TimeSlotTest.swift */; };
		29F301AE272040F0009D9CF5 /* PlanningEntryPrintModel.swift in Sources */ = {isa = PBXBuildFile; fileRef = 29F301AD272040F0009D9CF5 /* PlanningEntryPrintModel.swift */; };
		29F301B427204104009D9CF5 /* Printer.swift in Sources */ = {isa = PBXBuildFile; fileRef = 29F301B327204104009D9CF5 /* Printer.swift */; };
		29F301BA2720419C009D9CF5 /* PrinterTest.swift in Sources */ = {isa = PBXBuildFile; fileRef = 29F301B92720419C009D9CF5 /* PrinterTest.swift */; };
		29F301BD2720422B009D9CF5 /* Printer.swift in Sources */ = {isa = PBXBuildFile; fileRef = 29F301B327204104009D9CF5 /* Printer.swift */; };
		29F301C02720422E009D9CF5 /* PlanningEntryPrintModel.swift in Sources */ = {isa = PBXBuildFile; fileRef = 29F301AD272040F0009D9CF5 /* PlanningEntryPrintModel.swift */; };
		29F4DB1A271EE738005433B8 /* PlanningEntry.swift in Sources */ = {isa = PBXBuildFile; fileRef = 29B3D3D5271EB8B400F0CB0E /* PlanningEntry.swift */; };
		29F4DB1D271EE741005433B8 /* Task.swift in Sources */ = {isa = PBXBuildFile; fileRef = 29B3D3D1271EB86400F0CB0E /* Task.swift */; };
		29F4DB20271EE743005433B8 /* Planning.swift in Sources */ = {isa = PBXBuildFile; fileRef = 29B3D3D8271EB92E00F0CB0E /* Planning.swift */; };
		29F4DB23271EE746005433B8 /* DataModel.swift in Sources */ = {isa = PBXBuildFile; fileRef = 299C0C71271EC4B300DE927D /* DataModel.swift */; };
		29F4DB24271EE749005433B8 /* Backlog.swift in Sources */ = {isa = PBXBuildFile; fileRef = 299C0C74271EC54C00DE927D /* Backlog.swift */; };
		29F4DB27271EE750005433B8 /* dates.swift in Sources */ = {isa = PBXBuildFile; fileRef = 299C0C7B271ED61F00DE927D /* dates.swift */; };
/* End PBXBuildFile section */

/* Begin PBXCopyFilesBuildPhase section */
		29B3D3C3271EB7FD00F0CB0E /* CopyFiles */ = {
			isa = PBXCopyFilesBuildPhase;
			buildActionMask = 2147483647;
			dstPath = /usr/share/man/man1/;
			dstSubfolderSpec = 0;
			files = (
			);
			runOnlyForDeploymentPostprocessing = 1;
		};
/* End PBXCopyFilesBuildPhase section */

/* Begin PBXFileReference section */
		299C0C6D271EC37500DE927D /* Settings.swift */ = {isa = PBXFileReference; lastKnownFileType = sourcecode.swift; path = Settings.swift; sourceTree = "<group>"; };
		299C0C71271EC4B300DE927D /* DataModel.swift */ = {isa = PBXFileReference; lastKnownFileType = sourcecode.swift; path = DataModel.swift; sourceTree = "<group>"; };
		299C0C74271EC54C00DE927D /* Backlog.swift */ = {isa = PBXFileReference; lastKnownFileType = sourcecode.swift; path = Backlog.swift; sourceTree = "<group>"; };
		299C0C77271ED1CA00DE927D /* print.swift */ = {isa = PBXFileReference; lastKnownFileType = sourcecode.swift; path = print.swift; sourceTree = "<group>"; };
		299C0C7B271ED61F00DE927D /* dates.swift */ = {isa = PBXFileReference; lastKnownFileType = sourcecode.swift; path = dates.swift; sourceTree = "<group>"; };
		299C0C83271EE5A100DE927D /* PlanningTest.xctest */ = {isa = PBXFileReference; explicitFileType = wrapper.cfbundle; includeInIndex = 0; path = PlanningTest.xctest; sourceTree = BUILT_PRODUCTS_DIR; };
		299C0C85271EE5A100DE927D /* PlanningTest.swift */ = {isa = PBXFileReference; lastKnownFileType = sourcecode.swift; path = PlanningTest.swift; sourceTree = "<group>"; };
		299C0C87271EE5A100DE927D /* Info.plist */ = {isa = PBXFileReference; lastKnownFileType = text.plist.xml; path = Info.plist; sourceTree = "<group>"; };
		29B3D3C5271EB7FD00F0CB0E /* Planning */ = {isa = PBXFileReference; explicitFileType = "compiled.mach-o.executable"; includeInIndex = 0; path = Planning; sourceTree = BUILT_PRODUCTS_DIR; };
		29B3D3C8271EB7FD00F0CB0E /* main.swift */ = {isa = PBXFileReference; lastKnownFileType = sourcecode.swift; path = main.swift; sourceTree = "<group>"; };
		29B3D3D1271EB86400F0CB0E /* Task.swift */ = {isa = PBXFileReference; lastKnownFileType = sourcecode.swift; path = Task.swift; sourceTree = "<group>"; };
		29B3D3D5271EB8B400F0CB0E /* PlanningEntry.swift */ = {isa = PBXFileReference; lastKnownFileType = sourcecode.swift; path = PlanningEntry.swift; sourceTree = "<group>"; };
		29B3D3D8271EB92E00F0CB0E /* Planning.swift */ = {isa = PBXFileReference; lastKnownFileType = sourcecode.swift; path = Planning.swift; sourceTree = "<group>"; };
		29B3D3DC271EB9AB00F0CB0E /* utils.swift */ = {isa = PBXFileReference; lastKnownFileType = sourcecode.swift; path = utils.swift; sourceTree = "<group>"; };
		29B6BB7F271F1146005F52C8 /* TimeSlot.swift */ = {isa = PBXFileReference; lastKnownFileType = sourcecode.swift; path = TimeSlot.swift; sourceTree = "<group>"; };
		29B6BB86271F16C7005F52C8 /* DataModelTest.swift */ = {isa = PBXFileReference; fileEncoding = 4; lastKnownFileType = sourcecode.swift; path = DataModelTest.swift; sourceTree = "<group>"; };
		29B6BB8A271F19C8005F52C8 /* PlanningEntryFeedback.swift */ = {isa = PBXFileReference; lastKnownFileType = sourcecode.swift; path = PlanningEntryFeedback.swift; sourceTree = "<group>"; };
		29B6BB91271F22D3005F52C8 /* PlanningEntryTest.swift */ = {isa = PBXFileReference; fileEncoding = 4; lastKnownFileType = sourcecode.swift; path = PlanningEntryTest.swift; sourceTree = "<group>"; };
		29B6BB95271F2858005F52C8 /* TimeSlotTest.swift */ = {isa = PBXFileReference; fileEncoding = 4; lastKnownFileType = sourcecode.swift; path = TimeSlotTest.swift; sourceTree = "<group>"; };
		29F301AD272040F0009D9CF5 /* PlanningEntryPrintModel.swift */ = {isa = PBXFileReference; lastKnownFileType = sourcecode.swift; path = PlanningEntryPrintModel.swift; sourceTree = "<group>"; };
		29F301B327204104009D9CF5 /* Printer.swift */ = {isa = PBXFileReference; lastKnownFileType = sourcecode.swift; path = Printer.swift; sourceTree = "<group>"; };
		29F301B92720419C009D9CF5 /* PrinterTest.swift */ = {isa = PBXFileReference; fileEncoding = 4; lastKnownFileType = sourcecode.swift; path = PrinterTest.swift; sourceTree = "<group>"; };
/* End PBXFileReference section */

/* Begin PBXFrameworksBuildPhase section */
		299C0C80271EE5A100DE927D /* Frameworks */ = {
			isa = PBXFrameworksBuildPhase;
			buildActionMask = 2147483647;
			files = (
			);
			runOnlyForDeploymentPostprocessing = 0;
		};
		29B3D3C2271EB7FD00F0CB0E /* Frameworks */ = {
			isa = PBXFrameworksBuildPhase;
			buildActionMask = 2147483647;
			files = (
			);
			runOnlyForDeploymentPostprocessing = 0;
		};
/* End PBXFrameworksBuildPhase section */

/* Begin PBXGroup section */
		299C0C84271EE5A100DE927D /* PlanningTest */ = {
			isa = PBXGroup;
			children = (
				299C0C87271EE5A100DE927D /* Info.plist */,
				299C0C85271EE5A100DE927D /* PlanningTest.swift */,
				29F301B92720419C009D9CF5 /* PrinterTest.swift */,
				29B6BB91271F22D3005F52C8 /* PlanningEntryTest.swift */,
				29B6BB95271F2858005F52C8 /* TimeSlotTest.swift */,
				29B6BB86271F16C7005F52C8 /* DataModelTest.swift */,
			);
			path = PlanningTest;
			sourceTree = "<group>";
		};
		29B3D3BC271EB7FD00F0CB0E = {
			isa = PBXGroup;
			children = (
				29B3D3C7271EB7FD00F0CB0E /* Planning */,
				299C0C84271EE5A100DE927D /* PlanningTest */,
				29B3D3C6271EB7FD00F0CB0E /* Products */,
			);
			sourceTree = "<group>";
		};
		29B3D3C6271EB7FD00F0CB0E /* Products */ = {
			isa = PBXGroup;
			children = (
				29B3D3C5271EB7FD00F0CB0E /* Planning */,
				299C0C83271EE5A100DE927D /* PlanningTest.xctest */,
			);
			name = Products;
			sourceTree = "<group>";
		};
		29B3D3C7271EB7FD00F0CB0E /* Planning */ = {
			isa = PBXGroup;
			children = (
				29B3D3C8271EB7FD00F0CB0E /* main.swift */,
				29B3D3DC271EB9AB00F0CB0E /* utils.swift */,
				299C0C77271ED1CA00DE927D /* print.swift */,
				299C0C7B271ED61F00DE927D /* dates.swift */,
				299C0C6D271EC37500DE927D /* Settings.swift */,
				29F301AC272040CE009D9CF5 /* Print */,
				29B3D3D0271EB85400F0CB0E /* Models */,
			);
			path = Planning;
			sourceTree = "<group>";
		};
		29B3D3D0271EB85400F0CB0E /* Models */ = {
			isa = PBXGroup;
			children = (
				29B3D3D1271EB86400F0CB0E /* Task.swift */,
				29B3D3D5271EB8B400F0CB0E /* PlanningEntry.swift */,
				29B3D3D8271EB92E00F0CB0E /* Planning.swift */,
				299C0C71271EC4B300DE927D /* DataModel.swift */,
				299C0C74271EC54C00DE927D /* Backlog.swift */,
				29B6BB7F271F1146005F52C8 /* TimeSlot.swift */,
				29B6BB8A271F19C8005F52C8 /* PlanningEntryFeedback.swift */,
			);
			path = Models;
			sourceTree = "<group>";
		};
		29F301AC272040CE009D9CF5 /* Print */ = {
			isa = PBXGroup;
			children = (
				29F301B327204104009D9CF5 /* Printer.swift */,
				29F301AD272040F0009D9CF5 /* PlanningEntryPrintModel.swift */,
			);
			path = Print;
			sourceTree = "<group>";
		};
/* End PBXGroup section */

/* Begin PBXNativeTarget section */
		299C0C82271EE5A100DE927D /* PlanningTest */ = {
			isa = PBXNativeTarget;
			buildConfigurationList = 299C0C88271EE5A100DE927D /* Build configuration list for PBXNativeTarget "PlanningTest" */;
			buildPhases = (
				299C0C7F271EE5A100DE927D /* Sources */,
				299C0C80271EE5A100DE927D /* Frameworks */,
				299C0C81271EE5A100DE927D /* Resources */,
			);
			buildRules = (
			);
			dependencies = (
			);
			name = PlanningTest;
			productName = PlanningTest;
			productReference = 299C0C83271EE5A100DE927D /* PlanningTest.xctest */;
			productType = "com.apple.product-type.bundle.unit-test";
		};
		29B3D3C4271EB7FD00F0CB0E /* Planning */ = {
			isa = PBXNativeTarget;
			buildConfigurationList = 29B3D3CC271EB7FD00F0CB0E /* Build configuration list for PBXNativeTarget "Planning" */;
			buildPhases = (
				29B3D3C1271EB7FD00F0CB0E /* Sources */,
				29B3D3C2271EB7FD00F0CB0E /* Frameworks */,
				29B3D3C3271EB7FD00F0CB0E /* CopyFiles */,
			);
			buildRules = (
			);
			dependencies = (
			);
			name = Planning;
			productName = Planning;
			productReference = 29B3D3C5271EB7FD00F0CB0E /* Planning */;
			productType = "com.apple.product-type.tool";
		};
/* End PBXNativeTarget section */

/* Begin PBXProject section */
		29B3D3BD271EB7FD00F0CB0E /* Project object */ = {
			isa = PBXProject;
			attributes = {
				LastSwiftUpdateCheck = 1240;
				LastUpgradeCheck = 1240;
				TargetAttributes = {
					299C0C82271EE5A100DE927D = {
						CreatedOnToolsVersion = 12.4;
					};
					29B3D3C4271EB7FD00F0CB0E = {
						CreatedOnToolsVersion = 12.4;
					};
				};
			};
			buildConfigurationList = 29B3D3C0271EB7FD00F0CB0E /* Build configuration list for PBXProject "Planning" */;
			compatibilityVersion = "Xcode 9.3";
			developmentRegion = en;
			hasScannedForEncodings = 0;
			knownRegions = (
				en,
				Base,
			);
			mainGroup = 29B3D3BC271EB7FD00F0CB0E;
			productRefGroup = 29B3D3C6271EB7FD00F0CB0E /* Products */;
			projectDirPath = "";
			projectRoot = "";
			targets = (
				29B3D3C4271EB7FD00F0CB0E /* Planning */,
				299C0C82271EE5A100DE927D /* PlanningTest */,
			);
		};
/* End PBXProject section */

/* Begin PBXResourcesBuildPhase section */
		299C0C81271EE5A100DE927D /* Resources */ = {
			isa = PBXResourcesBuildPhase;
			buildActionMask = 2147483647;
			files = (
			);
			runOnlyForDeploymentPostprocessing = 0;
		};
/* End PBXResourcesBuildPhase section */

/* Begin PBXSourcesBuildPhase section */
		299C0C7F271EE5A100DE927D /* Sources */ = {
			isa = PBXSourcesBuildPhase;
			buildActionMask = 2147483647;
			files = (
				29B6BB8E271F2046005F52C8 /* PlanningEntryFeedback.swift in Sources */,
				29F301C02720422E009D9CF5 /* PlanningEntryPrintModel.swift in Sources */,
				29F4DB23271EE746005433B8 /* DataModel.swift in Sources */,
				29F4DB24271EE749005433B8 /* Backlog.swift in Sources */,
				29B6BB83271F11E7005F52C8 /* TimeSlot.swift in Sources */,
				29B6BB92271F22D3005F52C8 /* PlanningEntryTest.swift in Sources */,
				29B6BB87271F16C7005F52C8 /* DataModelTest.swift in Sources */,
				29F301BD2720422B009D9CF5 /* Printer.swift in Sources */,
				29F4DB27271EE750005433B8 /* dates.swift in Sources */,
				29F4DB20271EE743005433B8 /* Planning.swift in Sources */,
				299C0C86271EE5A100DE927D /* PlanningTest.swift in Sources */,
				29F4DB1D271EE741005433B8 /* Task.swift in Sources */,
				29B6BB96271F2858005F52C8 /* TimeSlotTest.swift in Sources */,
				29F301BA2720419C009D9CF5 /* PrinterTest.swift in Sources */,
				29F4DB1A271EE738005433B8 /* PlanningEntry.swift in Sources */,
			);
			runOnlyForDeploymentPostprocessing = 0;
		};
		29B3D3C1271EB7FD00F0CB0E /* Sources */ = {
			isa = PBXSourcesBuildPhase;
			buildActionMask = 2147483647;
			files = (
				29F301AE272040F0009D9CF5 /* PlanningEntryPrintModel.swift in Sources */,
				299C0C72271EC4B300DE927D /* DataModel.swift in Sources */,
				29B6BB80271F1146005F52C8 /* TimeSlot.swift in Sources */,
				299C0C7C271ED61F00DE927D /* dates.swift in Sources */,
				299C0C6E271EC37500DE927D /* Settings.swift in Sources */,
				29B6BB8B271F19C8005F52C8 /* PlanningEntryFeedback.swift in Sources */,
				29F301B427204104009D9CF5 /* Printer.swift in Sources */,
				29B3D3DD271EB9AB00F0CB0E /* utils.swift in Sources */,
				299C0C75271EC54C00DE927D /* Backlog.swift in Sources */,
				29B3D3D9271EB92E00F0CB0E /* Planning.swift in Sources */,
				29B3D3D2271EB86400F0CB0E /* Task.swift in Sources */,
				29B3D3C9271EB7FD00F0CB0E /* main.swift in Sources */,
				299C0C78271ED1CA00DE927D /* print.swift in Sources */,
				29B3D3D6271EB8B400F0CB0E /* PlanningEntry.swift in Sources */,
			);
			runOnlyForDeploymentPostprocessing = 0;
		};
/* End PBXSourcesBuildPhase section */

/* Begin XCBuildConfiguration section */
		299C0C89271EE5A100DE927D /* Debug */ = {
			isa = XCBuildConfiguration;
			buildSettings = {
				CODE_SIGN_STYLE = Automatic;
				COMBINE_HIDPI_IMAGES = YES;
				DEVELOPMENT_TEAM = 2N6DR3R99K;
				INFOPLIST_FILE = PlanningTest/Info.plist;
				LD_RUNPATH_SEARCH_PATHS = (
					"$(inherited)",
					"@executable_path/../Frameworks",
					"@loader_path/../Frameworks",
				);
				PRODUCT_BUNDLE_IDENTIFIER = io.bintz.PlanningTest;
				PRODUCT_NAME = "$(TARGET_NAME)";
				SWIFT_VERSION = 5.0;
			};
			name = Debug;
		};
		299C0C8A271EE5A100DE927D /* Release */ = {
			isa = XCBuildConfiguration;
			buildSettings = {
				CODE_SIGN_STYLE = Automatic;
				COMBINE_HIDPI_IMAGES = YES;
				DEVELOPMENT_TEAM = 2N6DR3R99K;
				INFOPLIST_FILE = PlanningTest/Info.plist;
				LD_RUNPATH_SEARCH_PATHS = (
					"$(inherited)",
					"@executable_path/../Frameworks",
					"@loader_path/../Frameworks",
				);
				PRODUCT_BUNDLE_IDENTIFIER = io.bintz.PlanningTest;
				PRODUCT_NAME = "$(TARGET_NAME)";
				SWIFT_VERSION = 5.0;
			};
			name = Release;
		};
		29B3D3CA271EB7FD00F0CB0E /* Debug */ = {
			isa = XCBuildConfiguration;
			buildSettings = {
				ALWAYS_SEARCH_USER_PATHS = NO;
				CLANG_ANALYZER_NONNULL = YES;
				CLANG_ANALYZER_NUMBER_OBJECT_CONVERSION = YES_AGGRESSIVE;
				CLANG_CXX_LANGUAGE_STANDARD = "gnu++14";
				CLANG_CXX_LIBRARY = "libc++";
				CLANG_ENABLE_MODULES = YES;
				CLANG_ENABLE_OBJC_ARC = YES;
				CLANG_ENABLE_OBJC_WEAK = YES;
				CLANG_WARN_BLOCK_CAPTURE_AUTORELEASING = YES;
				CLANG_WARN_BOOL_CONVERSION = YES;
				CLANG_WARN_COMMA = YES;
				CLANG_WARN_CONSTANT_CONVERSION = YES;
				CLANG_WARN_DEPRECATED_OBJC_IMPLEMENTATIONS = YES;
				CLANG_WARN_DIRECT_OBJC_ISA_USAGE = YES_ERROR;
				CLANG_WARN_DOCUMENTATION_COMMENTS = YES;
				CLANG_WARN_EMPTY_BODY = YES;
				CLANG_WARN_ENUM_CONVERSION = YES;
				CLANG_WARN_INFINITE_RECURSION = YES;
				CLANG_WARN_INT_CONVERSION = YES;
				CLANG_WARN_NON_LITERAL_NULL_CONVERSION = YES;
				CLANG_WARN_OBJC_IMPLICIT_RETAIN_SELF = YES;
				CLANG_WARN_OBJC_LITERAL_CONVERSION = YES;
				CLANG_WARN_OBJC_ROOT_CLASS = YES_ERROR;
				CLANG_WARN_QUOTED_INCLUDE_IN_FRAMEWORK_HEADER = YES;
				CLANG_WARN_RANGE_LOOP_ANALYSIS = YES;
				CLANG_WARN_STRICT_PROTOTYPES = YES;
				CLANG_WARN_SUSPICIOUS_MOVE = YES;
				CLANG_WARN_UNGUARDED_AVAILABILITY = YES_AGGRESSIVE;
				CLANG_WARN_UNREACHABLE_CODE = YES;
				CLANG_WARN__DUPLICATE_METHOD_MATCH = YES;
				COPY_PHASE_STRIP = NO;
				DEBUG_INFORMATION_FORMAT = dwarf;
				ENABLE_STRICT_OBJC_MSGSEND = YES;
				ENABLE_TESTABILITY = YES;
				GCC_C_LANGUAGE_STANDARD = gnu11;
				GCC_DYNAMIC_NO_PIC = NO;
				GCC_NO_COMMON_BLOCKS = YES;
				GCC_OPTIMIZATION_LEVEL = 0;
				GCC_PREPROCESSOR_DEFINITIONS = (
					"DEBUG=1",
					"$(inherited)",
				);
				GCC_WARN_64_TO_32_BIT_CONVERSION = YES;
				GCC_WARN_ABOUT_RETURN_TYPE = YES_ERROR;
				GCC_WARN_UNDECLARED_SELECTOR = YES;
				GCC_WARN_UNINITIALIZED_AUTOS = YES_AGGRESSIVE;
				GCC_WARN_UNUSED_FUNCTION = YES;
				GCC_WARN_UNUSED_VARIABLE = YES;
				MACOSX_DEPLOYMENT_TARGET = 10.15;
				MTL_ENABLE_DEBUG_INFO = INCLUDE_SOURCE;
				MTL_FAST_MATH = YES;
				ONLY_ACTIVE_ARCH = YES;
				SDKROOT = macosx;
				SWIFT_ACTIVE_COMPILATION_CONDITIONS = DEBUG;
				SWIFT_OPTIMIZATION_LEVEL = "-Onone";
			};
			name = Debug;
		};
		29B3D3CB271EB7FD00F0CB0E /* Release */ = {
			isa = XCBuildConfiguration;
			buildSettings = {
				ALWAYS_SEARCH_USER_PATHS = NO;
				CLANG_ANALYZER_NONNULL = YES;
				CLANG_ANALYZER_NUMBER_OBJECT_CONVERSION = YES_AGGRESSIVE;
				CLANG_CXX_LANGUAGE_STANDARD = "gnu++14";
				CLANG_CXX_LIBRARY = "libc++";
				CLANG_ENABLE_MODULES = YES;
				CLANG_ENABLE_OBJC_ARC = YES;
				CLANG_ENABLE_OBJC_WEAK = YES;
				CLANG_WARN_BLOCK_CAPTURE_AUTORELEASING = YES;
				CLANG_WARN_BOOL_CONVERSION = YES;
				CLANG_WARN_COMMA = YES;
				CLANG_WARN_CONSTANT_CONVERSION = YES;
				CLANG_WARN_DEPRECATED_OBJC_IMPLEMENTATIONS = YES;
				CLANG_WARN_DIRECT_OBJC_ISA_USAGE = YES_ERROR;
				CLANG_WARN_DOCUMENTATION_COMMENTS = YES;
				CLANG_WARN_EMPTY_BODY = YES;
				CLANG_WARN_ENUM_CONVERSION = YES;
				CLANG_WARN_INFINITE_RECURSION = YES;
				CLANG_WARN_INT_CONVERSION = YES;
				CLANG_WARN_NON_LITERAL_NULL_CONVERSION = YES;
				CLANG_WARN_OBJC_IMPLICIT_RETAIN_SELF = YES;
				CLANG_WARN_OBJC_LITERAL_CONVERSION = YES;
				CLANG_WARN_OBJC_ROOT_CLASS = YES_ERROR;
				CLANG_WARN_QUOTED_INCLUDE_IN_FRAMEWORK_HEADER = YES;
				CLANG_WARN_RANGE_LOOP_ANALYSIS = YES;
				CLANG_WARN_STRICT_PROTOTYPES = YES;
				CLANG_WARN_SUSPICIOUS_MOVE = YES;
				CLANG_WARN_UNGUARDED_AVAILABILITY = YES_AGGRESSIVE;
				CLANG_WARN_UNREACHABLE_CODE = YES;
				CLANG_WARN__DUPLICATE_METHOD_MATCH = YES;
				COPY_PHASE_STRIP = NO;
				DEBUG_INFORMATION_FORMAT = "dwarf-with-dsym";
				ENABLE_NS_ASSERTIONS = NO;
				ENABLE_STRICT_OBJC_MSGSEND = YES;
				GCC_C_LANGUAGE_STANDARD = gnu11;
				GCC_NO_COMMON_BLOCKS = YES;
				GCC_WARN_64_TO_32_BIT_CONVERSION = YES;
				GCC_WARN_ABOUT_RETURN_TYPE = YES_ERROR;
				GCC_WARN_UNDECLARED_SELECTOR = YES;
				GCC_WARN_UNINITIALIZED_AUTOS = YES_AGGRESSIVE;
				GCC_WARN_UNUSED_FUNCTION = YES;
				GCC_WARN_UNUSED_VARIABLE = YES;
				MACOSX_DEPLOYMENT_TARGET = 10.15;
				MTL_ENABLE_DEBUG_INFO = NO;
				MTL_FAST_MATH = YES;
				SDKROOT = macosx;
				SWIFT_COMPILATION_MODE = wholemodule;
				SWIFT_OPTIMIZATION_LEVEL = "-O";
			};
			name = Release;
		};
		29B3D3CD271EB7FD00F0CB0E /* Debug */ = {
			isa = XCBuildConfiguration;
			buildSettings = {
				CODE_SIGN_STYLE = Automatic;
				DEVELOPMENT_TEAM = 2N6DR3R99K;
				ENABLE_HARDENED_RUNTIME = YES;
				PRODUCT_NAME = "$(TARGET_NAME)";
				SWIFT_VERSION = 5.0;
			};
			name = Debug;
		};
		29B3D3CE271EB7FD00F0CB0E /* Release */ = {
			isa = XCBuildConfiguration;
			buildSettings = {
				CODE_SIGN_STYLE = Automatic;
				DEVELOPMENT_TEAM = 2N6DR3R99K;
				ENABLE_HARDENED_RUNTIME = YES;
				PRODUCT_NAME = "$(TARGET_NAME)";
				SWIFT_VERSION = 5.0;
			};
			name = Release;
		};
/* End XCBuildConfiguration section */

/* Begin XCConfigurationList section */
		299C0C88271EE5A100DE927D /* Build configuration list for PBXNativeTarget "PlanningTest" */ = {
			isa = XCConfigurationList;
			buildConfigurations = (
				299C0C89271EE5A100DE927D /* Debug */,
				299C0C8A271EE5A100DE927D /* Release */,
			);
			defaultConfigurationIsVisible = 0;
			defaultConfigurationName = Release;
		};
		29B3D3C0271EB7FD00F0CB0E /* Build configuration list for PBXProject "Planning" */ = {
			isa = XCConfigurationList;
			buildConfigurations = (
				29B3D3CA271EB7FD00F0CB0E /* Debug */,
				29B3D3CB271EB7FD00F0CB0E /* Release */,
			);
			defaultConfigurationIsVisible = 0;
			defaultConfigurationName = Release;
		};
		29B3D3CC271EB7FD00F0CB0E /* Build configuration list for PBXNativeTarget "Planning" */ = {
			isa = XCConfigurationList;
			buildConfigurations = (
				29B3D3CD271EB7FD00F0CB0E /* Debug */,
				29B3D3CE271EB7FD00F0CB0E /* Release */,
			);
			defaultConfigurationIsVisible = 0;
			defaultConfigurationName = Release;
		};
/* End XCConfigurationList section */
	};
	rootObject = 29B3D3BD271EB7FD00F0CB0E /* Project object */;
}
