// !$*UTF8*$!
{
	archiveVersion = 1;
	classes = {
	};
	objectVersion = 50;
	objects = {

/* Begin PBXBuildFile section */
		29B3D3C9271EB7FD00F0CB0E /* main.swift in Sources */ = {isa = PBXBuildFile; fileRef = 29B3D3C8271EB7FD00F0CB0E /* main.swift */; };
		29B3D3D2271EB86400F0CB0E /* Task.swift in Sources */ = {isa = PBXBuildFile; fileRef = 29B3D3D1271EB86400F0CB0E /* Task.swift */; };
		29B3D3D6271EB8B400F0CB0E /* PlanningItem.swift in Sources */ = {isa = PBXBuildFile; fileRef = 29B3D3D5271EB8B400F0CB0E /* PlanningItem.swift */; };
		29B3D3D9271EB92E00F0CB0E /* Planning.swift in Sources */ = {isa = PBXBuildFile; fileRef = 29B3D3D8271EB92E00F0CB0E /* Planning.swift */; };
/* End PBXBuildFile section */

/* Begin PBXCopyFilesBuildPhase section */
		29B3D3C3271EB7FD00F0CB0E /* CopyFiles */ = {
			isa = PBXCopyFilesBuildPhase;
			buildActionMask = 2147483647;
			dstPath = /usr/share/man/man1/;
			dstSubfolderSpec = 0;
			files = (
			);
			runOnlyForDeploymentPostprocessing = 1;
		};
/* End PBXCopyFilesBuildPhase section */

/* Begin PBXFileReference section */
		29B3D3C5271EB7FD00F0CB0E /* Planning */ = {isa = PBXFileReference; explicitFileType = "compiled.mach-o.executable"; includeInIndex = 0; path = Planning; sourceTree = BUILT_PRODUCTS_DIR; };
		29B3D3C8271EB7FD00F0CB0E /* main.swift */ = {isa = PBXFileReference; lastKnownFileType = sourcecode.swift; path = main.swift; sourceTree = "<group>"; };
		29B3D3D1271EB86400F0CB0E /* Task.swift */ = {isa = PBXFileReference; lastKnownFileType = sourcecode.swift; path = Task.swift; sourceTree = "<group>"; };
		29B3D3D5271EB8B400F0CB0E /* PlanningItem.swift */ = {isa = PBXFileReference; lastKnownFileType = sourcecode.swift; path = PlanningItem.swift; sourceTree = "<group>"; };
		29B3D3D8271EB92E00F0CB0E /* Planning.swift */ = {isa = PBXFileReference; lastKnownFileType = sourcecode.swift; path = Planning.swift; sourceTree = "<group>"; };
/* End PBXFileReference section */

/* Begin PBXFrameworksBuildPhase section */
		29B3D3C2271EB7FD00F0CB0E /* Frameworks */ = {
			isa = PBXFrameworksBuildPhase;
			buildActionMask = 2147483647;
			files = (
			);
			runOnlyForDeploymentPostprocessing = 0;
		};
/* End PBXFrameworksBuildPhase section */

/* Begin PBXGroup section */
		29B3D3BC271EB7FD00F0CB0E = {
			isa = PBXGroup;
			children = (
				29B3D3C7271EB7FD00F0CB0E /* Planning */,
				29B3D3C6271EB7FD00F0CB0E /* Products */,
			);
			sourceTree = "<group>";
		};
		29B3D3C6271EB7FD00F0CB0E /* Products */ = {
			isa = PBXGroup;
			children = (
				29B3D3C5271EB7FD00F0CB0E /* Planning */,
			);
			name = Products;
			sourceTree = "<group>";
		};
		29B3D3C7271EB7FD00F0CB0E /* Planning */ = {
			isa = PBXGroup;
			children = (
				29B3D3C8271EB7FD00F0CB0E /* main.swift */,
				29B3D3D0271EB85400F0CB0E /* Models */,
			);
			path = Planning;
			sourceTree = "<group>";
		};
		29B3D3D0271EB85400F0CB0E /* Models */ = {
			isa = PBXGroup;
			children = (
				29B3D3D1271EB86400F0CB0E /* Task.swift */,
				29B3D3D5271EB8B400F0CB0E /* PlanningItem.swift */,
				29B3D3D8271EB92E00F0CB0E /* Planning.swift */,
			);
			path = Models;
			sourceTree = "<group>";
		};
/* End PBXGroup section */

/* Begin PBXNativeTarget section */
		29B3D3C4271EB7FD00F0CB0E /* Planning */ = {
			isa = PBXNativeTarget;
			buildConfigurationList = 29B3D3CC271EB7FD00F0CB0E /* Build configuration list for PBXNativeTarget "Planning" */;
			buildPhases = (
				29B3D3C1271EB7FD00F0CB0E /* Sources */,
				29B3D3C2271EB7FD00F0CB0E /* Frameworks */,
				29B3D3C3271EB7FD00F0CB0E /* CopyFiles */,
			);
			buildRules = (
			);
			dependencies = (
			);
			name = Planning;
			productName = Planning;
			productReference = 29B3D3C5271EB7FD00F0CB0E /* Planning */;
			productType = "com.apple.product-type.tool";
		};
/* End PBXNativeTarget section */

/* Begin PBXProject section */
		29B3D3BD271EB7FD00F0CB0E /* Project object */ = {
			isa = PBXProject;
			attributes = {
				LastSwiftUpdateCheck = 1240;
				LastUpgradeCheck = 1240;
				TargetAttributes = {
					29B3D3C4271EB7FD00F0CB0E = {
						CreatedOnToolsVersion = 12.4;
					};
				};
			};
			buildConfigurationList = 29B3D3C0271EB7FD00F0CB0E /* Build configuration list for PBXProject "Planning" */;
			compatibilityVersion = "Xcode 9.3";
			developmentRegion = en;
			hasScannedForEncodings = 0;
			knownRegions = (
				en,
				Base,
			);
			mainGroup = 29B3D3BC271EB7FD00F0CB0E;
			productRefGroup = 29B3D3C6271EB7FD00F0CB0E /* Products */;
			projectDirPath = "";
			projectRoot = "";
			targets = (
				29B3D3C4271EB7FD00F0CB0E /* Planning */,
			);
		};
/* End PBXProject section */

/* Begin PBXSourcesBuildPhase section */
		29B3D3C1271EB7FD00F0CB0E /* Sources */ = {
			isa = PBXSourcesBuildPhase;
			buildActionMask = 2147483647;
			files = (
				29B3D3D9271EB92E00F0CB0E /* Planning.swift in Sources */,
				29B3D3D2271EB86400F0CB0E /* Task.swift in Sources */,
				29B3D3C9271EB7FD00F0CB0E /* main.swift in Sources */,
				29B3D3D6271EB8B400F0CB0E /* PlanningItem.swift in Sources */,
			);
			runOnlyForDeploymentPostprocessing = 0;
		};
/* End PBXSourcesBuildPhase section */

/* Begin XCBuildConfiguration section */
		29B3D3CA271EB7FD00F0CB0E /* Debug */ = {
			isa = XCBuildConfiguration;
			buildSettings = {
				ALWAYS_SEARCH_USER_PATHS = NO;
				CLANG_ANALYZER_NONNULL = YES;
				CLANG_ANALYZER_NUMBER_OBJECT_CONVERSION = YES_AGGRESSIVE;
				CLANG_CXX_LANGUAGE_STANDARD = "gnu++14";
				CLANG_CXX_LIBRARY = "libc++";
				CLANG_ENABLE_MODULES = YES;
				CLANG_ENABLE_OBJC_ARC = YES;
				CLANG_ENABLE_OBJC_WEAK = YES;
				CLANG_WARN_BLOCK_CAPTURE_AUTORELEASING = YES;
				CLANG_WARN_BOOL_CONVERSION = YES;
				CLANG_WARN_COMMA = YES;
				CLANG_WARN_CONSTANT_CONVERSION = YES;
				CLANG_WARN_DEPRECATED_OBJC_IMPLEMENTATIONS = YES;
				CLANG_WARN_DIRECT_OBJC_ISA_USAGE = YES_ERROR;
				CLANG_WARN_DOCUMENTATION_COMMENTS = YES;
				CLANG_WARN_EMPTY_BODY = YES;
				CLANG_WARN_ENUM_CONVERSION = YES;
				CLANG_WARN_INFINITE_RECURSION = YES;
				CLANG_WARN_INT_CONVERSION = YES;
				CLANG_WARN_NON_LITERAL_NULL_CONVERSION = YES;
				CLANG_WARN_OBJC_IMPLICIT_RETAIN_SELF = YES;
				CLANG_WARN_OBJC_LITERAL_CONVERSION = YES;
				CLANG_WARN_OBJC_ROOT_CLASS = YES_ERROR;
				CLANG_WARN_QUOTED_INCLUDE_IN_FRAMEWORK_HEADER = YES;
				CLANG_WARN_RANGE_LOOP_ANALYSIS = YES;
				CLANG_WARN_STRICT_PROTOTYPES = YES;
				CLANG_WARN_SUSPICIOUS_MOVE = YES;
				CLANG_WARN_UNGUARDED_AVAILABILITY = YES_AGGRESSIVE;
				CLANG_WARN_UNREACHABLE_CODE = YES;
				CLANG_WARN__DUPLICATE_METHOD_MATCH = YES;
				COPY_PHASE_STRIP = NO;
				DEBUG_INFORMATION_FORMAT = dwarf;
				ENABLE_STRICT_OBJC_MSGSEND = YES;
				ENABLE_TESTABILITY = YES;
				GCC_C_LANGUAGE_STANDARD = gnu11;
				GCC_DYNAMIC_NO_PIC = NO;
				GCC_NO_COMMON_BLOCKS = YES;
				GCC_OPTIMIZATION_LEVEL = 0;
				GCC_PREPROCESSOR_DEFINITIONS = (
					"DEBUG=1",
					"$(inherited)",
				);
				GCC_WARN_64_TO_32_BIT_CONVERSION = YES;
				GCC_WARN_ABOUT_RETURN_TYPE = YES_ERROR;
				GCC_WARN_UNDECLARED_SELECTOR = YES;
				GCC_WARN_UNINITIALIZED_AUTOS = YES_AGGRESSIVE;
				GCC_WARN_UNUSED_FUNCTION = YES;
				GCC_WARN_UNUSED_VARIABLE = YES;
				MACOSX_DEPLOYMENT_TARGET = 10.15;
				MTL_ENABLE_DEBUG_INFO = INCLUDE_SOURCE;
				MTL_FAST_MATH = YES;
				ONLY_ACTIVE_ARCH = YES;
				SDKROOT = macosx;
				SWIFT_ACTIVE_COMPILATION_CONDITIONS = DEBUG;
				SWIFT_OPTIMIZATION_LEVEL = "-Onone";
			};
			name = Debug;
		};
		29B3D3CB271EB7FD00F0CB0E /* Release */ = {
			isa = XCBuildConfiguration;
			buildSettings = {
				ALWAYS_SEARCH_USER_PATHS = NO;
				CLANG_ANALYZER_NONNULL = YES;
				CLANG_ANALYZER_NUMBER_OBJECT_CONVERSION = YES_AGGRESSIVE;
				CLANG_CXX_LANGUAGE_STANDARD = "gnu++14";
				CLANG_CXX_LIBRARY = "libc++";
				CLANG_ENABLE_MODULES = YES;
				CLANG_ENABLE_OBJC_ARC = YES;
				CLANG_ENABLE_OBJC_WEAK = YES;
				CLANG_WARN_BLOCK_CAPTURE_AUTORELEASING = YES;
				CLANG_WARN_BOOL_CONVERSION = YES;
				CLANG_WARN_COMMA = YES;
				CLANG_WARN_CONSTANT_CONVERSION = YES;
				CLANG_WARN_DEPRECATED_OBJC_IMPLEMENTATIONS = YES;
				CLANG_WARN_DIRECT_OBJC_ISA_USAGE = YES_ERROR;
				CLANG_WARN_DOCUMENTATION_COMMENTS = YES;
				CLANG_WARN_EMPTY_BODY = YES;
				CLANG_WARN_ENUM_CONVERSION = YES;
				CLANG_WARN_INFINITE_RECURSION = YES;
				CLANG_WARN_INT_CONVERSION = YES;
				CLANG_WARN_NON_LITERAL_NULL_CONVERSION = YES;
				CLANG_WARN_OBJC_IMPLICIT_RETAIN_SELF = YES;
				CLANG_WARN_OBJC_LITERAL_CONVERSION = YES;
				CLANG_WARN_OBJC_ROOT_CLASS = YES_ERROR;
				CLANG_WARN_QUOTED_INCLUDE_IN_FRAMEWORK_HEADER = YES;
				CLANG_WARN_RANGE_LOOP_ANALYSIS = YES;
				CLANG_WARN_STRICT_PROTOTYPES = YES;
				CLANG_WARN_SUSPICIOUS_MOVE = YES;
				CLANG_WARN_UNGUARDED_AVAILABILITY = YES_AGGRESSIVE;
				CLANG_WARN_UNREACHABLE_CODE = YES;
				CLANG_WARN__DUPLICATE_METHOD_MATCH = YES;
				COPY_PHASE_STRIP = NO;
				DEBUG_INFORMATION_FORMAT = "dwarf-with-dsym";
				ENABLE_NS_ASSERTIONS = NO;
				ENABLE_STRICT_OBJC_MSGSEND = YES;
				GCC_C_LANGUAGE_STANDARD = gnu11;
				GCC_NO_COMMON_BLOCKS = YES;
				GCC_WARN_64_TO_32_BIT_CONVERSION = YES;
				GCC_WARN_ABOUT_RETURN_TYPE = YES_ERROR;
				GCC_WARN_UNDECLARED_SELECTOR = YES;
				GCC_WARN_UNINITIALIZED_AUTOS = YES_AGGRESSIVE;
				GCC_WARN_UNUSED_FUNCTION = YES;
				GCC_WARN_UNUSED_VARIABLE = YES;
				MACOSX_DEPLOYMENT_TARGET = 10.15;
				MTL_ENABLE_DEBUG_INFO = NO;
				MTL_FAST_MATH = YES;
				SDKROOT = macosx;
				SWIFT_COMPILATION_MODE = wholemodule;
				SWIFT_OPTIMIZATION_LEVEL = "-O";
			};
			name = Release;
		};
		29B3D3CD271EB7FD00F0CB0E /* Debug */ = {
			isa = XCBuildConfiguration;
			buildSettings = {
				CODE_SIGN_STYLE = Automatic;
				DEVELOPMENT_TEAM = 2N6DR3R99K;
				ENABLE_HARDENED_RUNTIME = YES;
				PRODUCT_NAME = "$(TARGET_NAME)";
				SWIFT_VERSION = 5.0;
			};
			name = Debug;
		};
		29B3D3CE271EB7FD00F0CB0E /* Release */ = {
			isa = XCBuildConfiguration;
			buildSettings = {
				CODE_SIGN_STYLE = Automatic;
				DEVELOPMENT_TEAM = 2N6DR3R99K;
				ENABLE_HARDENED_RUNTIME = YES;
				PRODUCT_NAME = "$(TARGET_NAME)";
				SWIFT_VERSION = 5.0;
			};
			name = Release;
		};
/* End XCBuildConfiguration section */

/* Begin XCConfigurationList section */
		29B3D3C0271EB7FD00F0CB0E /* Build configuration list for PBXProject "Planning" */ = {
			isa = XCConfigurationList;
			buildConfigurations = (
				29B3D3CA271EB7FD00F0CB0E /* Debug */,
				29B3D3CB271EB7FD00F0CB0E /* Release */,
			);
			defaultConfigurationIsVisible = 0;
			defaultConfigurationName = Release;
		};
		29B3D3CC271EB7FD00F0CB0E /* Build configuration list for PBXNativeTarget "Planning" */ = {
			isa = XCConfigurationList;
			buildConfigurations = (
				29B3D3CD271EB7FD00F0CB0E /* Debug */,
				29B3D3CE271EB7FD00F0CB0E /* Release */,
			);
			defaultConfigurationIsVisible = 0;
			defaultConfigurationName = Release;
		};
/* End XCConfigurationList section */
	};
	rootObject = 29B3D3BD271EB7FD00F0CB0E /* Project object */;
}
